
Microsoft Visual Studio Solution File, Format Version 12.00
# Visual Studio Version 16
VisualStudioVersion = 16.0.31624.102
MinimumVisualStudioVersion = 10.0.40219.1
Project("{F184B08F-C81C-45F6-A57F-5ABD9991F28F}") = "PIKP_Project", "PIKP_Project\PIKP_Project.vbproj", "{9B919714-963A-4240-82D1-11F06302916D}"
EndProject
Global
	GlobalSection(SolutionConfigurationPlatforms) = preSolution
		Debug|Any CPU = Debug|Any CPU
		Release|Any CPU = Release|Any CPU
	EndGlobalSection
	GlobalSection(ProjectConfigurationPlatforms) = postSolution
		{9B919714-963A-4240-82D1-11F06302916D}.Debug|Any CPU.ActiveCfg = Debug|Any CPU
		{9B919714-963A-4240-82D1-11F06302916D}.Debug|Any CPU.Build.0 = Debug|Any CPU
		{9B919714-963A-4240-82D1-11F06302916D}.Release|Any CPU.ActiveCfg = Release|Any CPU
		{9B919714-963A-4240-82D1-11F06302916D}.Release|Any CPU.Build.0 = Release|Any CPU
	EndGlobalSection
	GlobalSection(SolutionProperties) = preSolution
		HideSolutionNode = FALSE
	EndGlobalSection
	GlobalSection(ExtensibilityGlobals) = postSolution
		SolutionGuid = {7E18E50D-3A68-4732-A423-8E392B47CEAB}
	EndGlobalSection
EndGlobal
